// !$*UTF8*$!
{
	archiveVersion = 1;
	classes = {
	};
	objectVersion = 56;
	objects = {

/* Begin PBXBuildFile section */
		A09DCDBE29BFCC7300050626 /* AsyncAwaitConcurrencyApp.swift in Sources */ = {isa = PBXBuildFile; fileRef = A09DCDBD29BFCC7300050626 /* AsyncAwaitConcurrencyApp.swift */; };
		A09DCDC029BFCC7300050626 /* ContentView.swift in Sources */ = {isa = PBXBuildFile; fileRef = A09DCDBF29BFCC7300050626 /* ContentView.swift */; };
		A09DCDC229BFCC7400050626 /* Assets.xcassets in Resources */ = {isa = PBXBuildFile; fileRef = A09DCDC129BFCC7400050626 /* Assets.xcassets */; };
		A09DCDC629BFCC7400050626 /* Preview Assets.xcassets in Resources */ = {isa = PBXBuildFile; fileRef = A09DCDC529BFCC7400050626 /* Preview Assets.xcassets */; };
		A09DCDCD29BFCC8800050626 /* ConcurrencyModel.swift in Sources */ = {isa = PBXBuildFile; fileRef = A09DCDCC29BFCC8800050626 /* ConcurrencyModel.swift */; };
		A09DCDCF29C09AB900050626 /* JokeService.swift in Sources */ = {isa = PBXBuildFile; fileRef = A09DCDCE29C09AB900050626 /* JokeService.swift */; };
		A09DCDD129C09BA600050626 /* JokeContentView.swift in Sources */ = {isa = PBXBuildFile; fileRef = A09DCDD029C09BA600050626 /* JokeContentView.swift */; };
		A09DCDD429C0B67500050626 /* ActorExample.swift in Sources */ = {isa = PBXBuildFile; fileRef = A09DCDD329C0B67500050626 /* ActorExample.swift */; };
/* End PBXBuildFile section */

/* Begin PBXFileReference section */
		A09DCDBA29BFCC7300050626 /* AsyncAwaitConcurrency.app */ = {isa = PBXFileReference; explicitFileType = wrapper.application; includeInIndex = 0; path = AsyncAwaitConcurrency.app; sourceTree = BUILT_PRODUCTS_DIR; };
		A09DCDBD29BFCC7300050626 /* AsyncAwaitConcurrencyApp.swift */ = {isa = PBXFileReference; lastKnownFileType = sourcecode.swift; path = AsyncAwaitConcurrencyApp.swift; sourceTree = "<group>"; };
		A09DCDBF29BFCC7300050626 /* ContentView.swift */ = {isa = PBXFileReference; lastKnownFileType = sourcecode.swift; path = ContentView.swift; sourceTree = "<group>"; };
		A09DCDC129BFCC7400050626 /* Assets.xcassets */ = {isa = PBXFileReference; lastKnownFileType = folder.assetcatalog; path = Assets.xcassets; sourceTree = "<group>"; };
		A09DCDC329BFCC7400050626 /* AsyncAwaitConcurrency.entitlements */ = {isa = PBXFileReference; lastKnownFileType = text.plist.entitlements; path = AsyncAwaitConcurrency.entitlements; sourceTree = "<group>"; };
		A09DCDC529BFCC7400050626 /* Preview Assets.xcassets */ = {isa = PBXFileReference; lastKnownFileType = folder.assetcatalog; path = "Preview Assets.xcassets"; sourceTree = "<group>"; };
		A09DCDCC29BFCC8800050626 /* ConcurrencyModel.swift */ = {isa = PBXFileReference; lastKnownFileType = sourcecode.swift; path = ConcurrencyModel.swift; sourceTree = "<group>"; };
		A09DCDCE29C09AB900050626 /* JokeService.swift */ = {isa = PBXFileReference; lastKnownFileType = sourcecode.swift; path = JokeService.swift; sourceTree = "<group>"; };
		A09DCDD029C09BA600050626 /* JokeContentView.swift */ = {isa = PBXFileReference; lastKnownFileType = sourcecode.swift; path = JokeContentView.swift; sourceTree = "<group>"; };
		A09DCDD329C0B67500050626 /* ActorExample.swift */ = {isa = PBXFileReference; lastKnownFileType = sourcecode.swift; path = ActorExample.swift; sourceTree = "<group>"; };
		A09DCDD529C0B89D00050626 /* ActorPlayground.playground */ = {isa = PBXFileReference; lastKnownFileType = file.playground; path = ActorPlayground.playground; sourceTree = "<group>"; xcLanguageSpecificationIdentifier = xcode.lang.swift; };
/* End PBXFileReference section */

/* Begin PBXFrameworksBuildPhase section */
		A09DCDB729BFCC7300050626 /* Frameworks */ = {
			isa = PBXFrameworksBuildPhase;
			buildActionMask = 2147483647;
			files = (
			);
			runOnlyForDeploymentPostprocessing = 0;
		};
/* End PBXFrameworksBuildPhase section */

/* Begin PBXGroup section */
		A09DCDB129BFCC7300050626 = {
			isa = PBXGroup;
			children = (
				A09DCDBC29BFCC7300050626 /* AsyncAwaitConcurrency */,
				A09DCDBB29BFCC7300050626 /* Products */,
			);
			sourceTree = "<group>";
		};
		A09DCDBB29BFCC7300050626 /* Products */ = {
			isa = PBXGroup;
			children = (
				A09DCDBA29BFCC7300050626 /* AsyncAwaitConcurrency.app */,
			);
			name = Products;
			sourceTree = "<group>";
		};
		A09DCDBC29BFCC7300050626 /* AsyncAwaitConcurrency */ = {
			isa = PBXGroup;
			children = (
				A09DCDD229C0B66100050626 /* Actors */,
				A09DCDBD29BFCC7300050626 /* AsyncAwaitConcurrencyApp.swift */,
				A09DCDBF29BFCC7300050626 /* ContentView.swift */,
				A09DCDC129BFCC7400050626 /* Assets.xcassets */,
				A09DCDC329BFCC7400050626 /* AsyncAwaitConcurrency.entitlements */,
				A09DCDC429BFCC7400050626 /* Preview Content */,
				A09DCDCC29BFCC8800050626 /* ConcurrencyModel.swift */,
				A09DCDCE29C09AB900050626 /* JokeService.swift */,
				A09DCDD029C09BA600050626 /* JokeContentView.swift */,
			);
			path = AsyncAwaitConcurrency;
			sourceTree = "<group>";
		};
		A09DCDC429BFCC7400050626 /* Preview Content */ = {
			isa = PBXGroup;
			children = (
				A09DCDC529BFCC7400050626 /* Preview Assets.xcassets */,
			);
			path = "Preview Content";
			sourceTree = "<group>";
		};
		A09DCDD229C0B66100050626 /* Actors */ = {
			isa = PBXGroup;
			children = (
				A09DCDD329C0B67500050626 /* ActorExample.swift */,
				A09DCDD529C0B89D00050626 /* ActorPlayground.playground */,
			);
			path = Actors;
			sourceTree = "<group>";
		};
/* End PBXGroup section */

/* Begin PBXNativeTarget section */
		A09DCDB929BFCC7300050626 /* AsyncAwaitConcurrency */ = {
			isa = PBXNativeTarget;
			buildConfigurationList = A09DCDC929BFCC7400050626 /* Build configuration list for PBXNativeTarget "AsyncAwaitConcurrency" */;
			buildPhases = (
				A09DCDB629BFCC7300050626 /* Sources */,
				A09DCDB729BFCC7300050626 /* Frameworks */,
				A09DCDB829BFCC7300050626 /* Resources */,
			);
			buildRules = (
			);
			dependencies = (
			);
			name = AsyncAwaitConcurrency;
			productName = AsyncAwaitConcurrency;
			productReference = A09DCDBA29BFCC7300050626 /* AsyncAwaitConcurrency.app */;
			productType = "com.apple.product-type.application";
		};
/* End PBXNativeTarget section */

/* Begin PBXProject section */
		A09DCDB229BFCC7300050626 /* Project object */ = {
			isa = PBXProject;
			attributes = {
				BuildIndependentTargetsInParallel = 1;
				LastSwiftUpdateCheck = 1420;
				LastUpgradeCheck = 1420;
				TargetAttributes = {
					A09DCDB929BFCC7300050626 = {
						CreatedOnToolsVersion = 14.2;
					};
				};
			};
			buildConfigurationList = A09DCDB529BFCC7300050626 /* Build configuration list for PBXProject "AsyncAwaitConcurrency" */;
			compatibilityVersion = "Xcode 14.0";
			developmentRegion = en;
			hasScannedForEncodings = 0;
			knownRegions = (
				en,
				Base,
			);
			mainGroup = A09DCDB129BFCC7300050626;
			productRefGroup = A09DCDBB29BFCC7300050626 /* Products */;
			projectDirPath = "";
			projectRoot = "";
			targets = (
				A09DCDB929BFCC7300050626 /* AsyncAwaitConcurrency */,
			);
		};
/* End PBXProject section */

/* Begin PBXResourcesBuildPhase section */
		A09DCDB829BFCC7300050626 /* Resources */ = {
			isa = PBXResourcesBuildPhase;
			buildActionMask = 2147483647;
			files = (
				A09DCDC629BFCC7400050626 /* Preview Assets.xcassets in Resources */,
				A09DCDC229BFCC7400050626 /* Assets.xcassets in Resources */,
			);
			runOnlyForDeploymentPostprocessing = 0;
		};
/* End PBXResourcesBuildPhase section */

/* Begin PBXSourcesBuildPhase section */
		A09DCDB629BFCC7300050626 /* Sources */ = {
			isa = PBXSourcesBuildPhase;
			buildActionMask = 2147483647;
			files = (
				A09DCDC029BFCC7300050626 /* ContentView.swift in Sources */,
				A09DCDCD29BFCC8800050626 /* ConcurrencyModel.swift in Sources */,
				A09DCDD429C0B67500050626 /* ActorExample.swift in Sources */,
				A09DCDCF29C09AB900050626 /* JokeService.swift in Sources */,
				A09DCDD129C09BA600050626 /* JokeContentView.swift in Sources */,
				A09DCDBE29BFCC7300050626 /* AsyncAwaitConcurrencyApp.swift in Sources */,
			);
			runOnlyForDeploymentPostprocessing = 0;
		};
/* End PBXSourcesBuildPhase section */

/* Begin XCBuildConfiguration section */
		A09DCDC729BFCC7400050626 /* Debug */ = {
			isa = XCBuildConfiguration;
			buildSettings = {
				ALWAYS_SEARCH_USER_PATHS = NO;
				CLANG_ANALYZER_NONNULL = YES;
				CLANG_ANALYZER_NUMBER_OBJECT_CONVERSION = YES_AGGRESSIVE;
				CLANG_CXX_LANGUAGE_STANDARD = "gnu++20";
				CLANG_ENABLE_MODULES = YES;
				CLANG_ENABLE_OBJC_ARC = YES;
				CLANG_ENABLE_OBJC_WEAK = YES;
				CLANG_WARN_BLOCK_CAPTURE_AUTORELEASING = YES;
				CLANG_WARN_BOOL_CONVERSION = YES;
				CLANG_WARN_COMMA = YES;
				CLANG_WARN_CONSTANT_CONVERSION = YES;
				CLANG_WARN_DEPRECATED_OBJC_IMPLEMENTATIONS = YES;
				CLANG_WARN_DIRECT_OBJC_ISA_USAGE = YES_ERROR;
				CLANG_WARN_DOCUMENTATION_COMMENTS = YES;
				CLANG_WARN_EMPTY_BODY = YES;
				CLANG_WARN_ENUM_CONVERSION = YES;
				CLANG_WARN_INFINITE_RECURSION = YES;
				CLANG_WARN_INT_CONVERSION = YES;
				CLANG_WARN_NON_LITERAL_NULL_CONVERSION = YES;
				CLANG_WARN_OBJC_IMPLICIT_RETAIN_SELF = YES;
				CLANG_WARN_OBJC_LITERAL_CONVERSION = YES;
				CLANG_WARN_OBJC_ROOT_CLASS = YES_ERROR;
				CLANG_WARN_QUOTED_INCLUDE_IN_FRAMEWORK_HEADER = YES;
				CLANG_WARN_RANGE_LOOP_ANALYSIS = YES;
				CLANG_WARN_STRICT_PROTOTYPES = YES;
				CLANG_WARN_SUSPICIOUS_MOVE = YES;
				CLANG_WARN_UNGUARDED_AVAILABILITY = YES_AGGRESSIVE;
				CLANG_WARN_UNREACHABLE_CODE = YES;
				CLANG_WARN__DUPLICATE_METHOD_MATCH = YES;
				COPY_PHASE_STRIP = NO;
				DEBUG_INFORMATION_FORMAT = dwarf;
				ENABLE_STRICT_OBJC_MSGSEND = YES;
				ENABLE_TESTABILITY = YES;
				GCC_C_LANGUAGE_STANDARD = gnu11;
				GCC_DYNAMIC_NO_PIC = NO;
				GCC_NO_COMMON_BLOCKS = YES;
				GCC_OPTIMIZATION_LEVEL = 0;
				GCC_PREPROCESSOR_DEFINITIONS = (
					"DEBUG=1",
					"$(inherited)",
				);
				GCC_WARN_64_TO_32_BIT_CONVERSION = YES;
				GCC_WARN_ABOUT_RETURN_TYPE = YES_ERROR;
				GCC_WARN_UNDECLARED_SELECTOR = YES;
				GCC_WARN_UNINITIALIZED_AUTOS = YES_AGGRESSIVE;
				GCC_WARN_UNUSED_FUNCTION = YES;
				GCC_WARN_UNUSED_VARIABLE = YES;
				MTL_ENABLE_DEBUG_INFO = INCLUDE_SOURCE;
				MTL_FAST_MATH = YES;
				ONLY_ACTIVE_ARCH = YES;
				SWIFT_ACTIVE_COMPILATION_CONDITIONS = DEBUG;
				SWIFT_OPTIMIZATION_LEVEL = "-Onone";
			};
			name = Debug;
		};
		A09DCDC829BFCC7400050626 /* Release */ = {
			isa = XCBuildConfiguration;
			buildSettings = {
				ALWAYS_SEARCH_USER_PATHS = NO;
				CLANG_ANALYZER_NONNULL = YES;
				CLANG_ANALYZER_NUMBER_OBJECT_CONVERSION = YES_AGGRESSIVE;
				CLANG_CXX_LANGUAGE_STANDARD = "gnu++20";
				CLANG_ENABLE_MODULES = YES;
				CLANG_ENABLE_OBJC_ARC = YES;
				CLANG_ENABLE_OBJC_WEAK = YES;
				CLANG_WARN_BLOCK_CAPTURE_AUTORELEASING = YES;
				CLANG_WARN_BOOL_CONVERSION = YES;
				CLANG_WARN_COMMA = YES;
				CLANG_WARN_CONSTANT_CONVERSION = YES;
				CLANG_WARN_DEPRECATED_OBJC_IMPLEMENTATIONS = YES;
				CLANG_WARN_DIRECT_OBJC_ISA_USAGE = YES_ERROR;
				CLANG_WARN_DOCUMENTATION_COMMENTS = YES;
				CLANG_WARN_EMPTY_BODY = YES;
				CLANG_WARN_ENUM_CONVERSION = YES;
				CLANG_WARN_INFINITE_RECURSION = YES;
				CLANG_WARN_INT_CONVERSION = YES;
				CLANG_WARN_NON_LITERAL_NULL_CONVERSION = YES;
				CLANG_WARN_OBJC_IMPLICIT_RETAIN_SELF = YES;
				CLANG_WARN_OBJC_LITERAL_CONVERSION = YES;
				CLANG_WARN_OBJC_ROOT_CLASS = YES_ERROR;
				CLANG_WARN_QUOTED_INCLUDE_IN_FRAMEWORK_HEADER = YES;
				CLANG_WARN_RANGE_LOOP_ANALYSIS = YES;
				CLANG_WARN_STRICT_PROTOTYPES = YES;
				CLANG_WARN_SUSPICIOUS_MOVE = YES;
				CLANG_WARN_UNGUARDED_AVAILABILITY = YES_AGGRESSIVE;
				CLANG_WARN_UNREACHABLE_CODE = YES;
				CLANG_WARN__DUPLICATE_METHOD_MATCH = YES;
				COPY_PHASE_STRIP = NO;
				DEBUG_INFORMATION_FORMAT = "dwarf-with-dsym";
				ENABLE_NS_ASSERTIONS = NO;
				ENABLE_STRICT_OBJC_MSGSEND = YES;
				GCC_C_LANGUAGE_STANDARD = gnu11;
				GCC_NO_COMMON_BLOCKS = YES;
				GCC_WARN_64_TO_32_BIT_CONVERSION = YES;
				GCC_WARN_ABOUT_RETURN_TYPE = YES_ERROR;
				GCC_WARN_UNDECLARED_SELECTOR = YES;
				GCC_WARN_UNINITIALIZED_AUTOS = YES_AGGRESSIVE;
				GCC_WARN_UNUSED_FUNCTION = YES;
				GCC_WARN_UNUSED_VARIABLE = YES;
				MTL_ENABLE_DEBUG_INFO = NO;
				MTL_FAST_MATH = YES;
				SWIFT_COMPILATION_MODE = wholemodule;
				SWIFT_OPTIMIZATION_LEVEL = "-O";
			};
			name = Release;
		};
		A09DCDCA29BFCC7400050626 /* Debug */ = {
			isa = XCBuildConfiguration;
			buildSettings = {
				ASSETCATALOG_COMPILER_APPICON_NAME = AppIcon;
				ASSETCATALOG_COMPILER_GLOBAL_ACCENT_COLOR_NAME = AccentColor;
				CODE_SIGN_ENTITLEMENTS = AsyncAwaitConcurrency/AsyncAwaitConcurrency.entitlements;
				CODE_SIGN_STYLE = Automatic;
				CURRENT_PROJECT_VERSION = 1;
				DEVELOPMENT_ASSET_PATHS = "\"AsyncAwaitConcurrency/Preview Content\"";
				DEVELOPMENT_TEAM = XTYT46W6B7;
				ENABLE_HARDENED_RUNTIME = YES;
				ENABLE_PREVIEWS = YES;
				GENERATE_INFOPLIST_FILE = YES;
				"INFOPLIST_KEY_UIApplicationSceneManifest_Generation[sdk=iphoneos*]" = YES;
				"INFOPLIST_KEY_UIApplicationSceneManifest_Generation[sdk=iphonesimulator*]" = YES;
				"INFOPLIST_KEY_UIApplicationSupportsIndirectInputEvents[sdk=iphoneos*]" = YES;
				"INFOPLIST_KEY_UIApplicationSupportsIndirectInputEvents[sdk=iphonesimulator*]" = YES;
				"INFOPLIST_KEY_UILaunchScreen_Generation[sdk=iphoneos*]" = YES;
				"INFOPLIST_KEY_UILaunchScreen_Generation[sdk=iphonesimulator*]" = YES;
				"INFOPLIST_KEY_UIStatusBarStyle[sdk=iphoneos*]" = UIStatusBarStyleDefault;
				"INFOPLIST_KEY_UIStatusBarStyle[sdk=iphonesimulator*]" = UIStatusBarStyleDefault;
				INFOPLIST_KEY_UISupportedInterfaceOrientations_iPad = "UIInterfaceOrientationPortrait UIInterfaceOrientationPortraitUpsideDown UIInterfaceOrientationLandscapeLeft UIInterfaceOrientationLandscapeRight";
				INFOPLIST_KEY_UISupportedInterfaceOrientations_iPhone = "UIInterfaceOrientationPortrait UIInterfaceOrientationLandscapeLeft UIInterfaceOrientationLandscapeRight";
				IPHONEOS_DEPLOYMENT_TARGET = 16.2;
				LD_RUNPATH_SEARCH_PATHS = "@executable_path/Frameworks";
				"LD_RUNPATH_SEARCH_PATHS[sdk=macosx*]" = "@executable_path/../Frameworks";
				MACOSX_DEPLOYMENT_TARGET = 13.1;
				MARKETING_VERSION = 1.0;
				PRODUCT_BUNDLE_IDENTIFIER = com.example.AsyncAwaitConcurrency;
				PRODUCT_NAME = "$(TARGET_NAME)";
				SDKROOT = auto;
				SUPPORTED_PLATFORMS = "iphoneos iphonesimulator macosx";
				SWIFT_EMIT_LOC_STRINGS = YES;
				SWIFT_VERSION = 5.0;
				TARGETED_DEVICE_FAMILY = "1,2";
			};
			name = Debug;
		};
		A09DCDCB29BFCC7400050626 /* Release */ = {
			isa = XCBuildConfiguration;
			buildSettings = {
				ASSETCATALOG_COMPILER_APPICON_NAME = AppIcon;
				ASSETCATALOG_COMPILER_GLOBAL_ACCENT_COLOR_NAME = AccentColor;
				CODE_SIGN_ENTITLEMENTS = AsyncAwaitConcurrency/AsyncAwaitConcurrency.entitlements;
				CODE_SIGN_STYLE = Automatic;
				CURRENT_PROJECT_VERSION = 1;
				DEVELOPMENT_ASSET_PATHS = "\"AsyncAwaitConcurrency/Preview Content\"";
				DEVELOPMENT_TEAM = XTYT46W6B7;
				ENABLE_HARDENED_RUNTIME = YES;
				ENABLE_PREVIEWS = YES;
				GENERATE_INFOPLIST_FILE = YES;
				"INFOPLIST_KEY_UIApplicationSceneManifest_Generation[sdk=iphoneos*]" = YES;
				"INFOPLIST_KEY_UIApplicationSceneManifest_Generation[sdk=iphonesimulator*]" = YES;
				"INFOPLIST_KEY_UIApplicationSupportsIndirectInputEvents[sdk=iphoneos*]" = YES;
				"INFOPLIST_KEY_UIApplicationSupportsIndirectInputEvents[sdk=iphonesimulator*]" = YES;
				"INFOPLIST_KEY_UILaunchScreen_Generation[sdk=iphoneos*]" = YES;
				"INFOPLIST_KEY_UILaunchScreen_Generation[sdk=iphonesimulator*]" = YES;
				"INFOPLIST_KEY_UIStatusBarStyle[sdk=iphoneos*]" = UIStatusBarStyleDefault;
				"INFOPLIST_KEY_UIStatusBarStyle[sdk=iphonesimulator*]" = UIStatusBarStyleDefault;
				INFOPLIST_KEY_UISupportedInterfaceOrientations_iPad = "UIInterfaceOrientationPortrait UIInterfaceOrientationPortraitUpsideDown UIInterfaceOrientationLandscapeLeft UIInterfaceOrientationLandscapeRight";
				INFOPLIST_KEY_UISupportedInterfaceOrientations_iPhone = "UIInterfaceOrientationPortrait UIInterfaceOrientationLandscapeLeft UIInterfaceOrientationLandscapeRight";
				IPHONEOS_DEPLOYMENT_TARGET = 16.2;
				LD_RUNPATH_SEARCH_PATHS = "@executable_path/Frameworks";
				"LD_RUNPATH_SEARCH_PATHS[sdk=macosx*]" = "@executable_path/../Frameworks";
				MACOSX_DEPLOYMENT_TARGET = 13.1;
				MARKETING_VERSION = 1.0;
				PRODUCT_BUNDLE_IDENTIFIER = com.example.AsyncAwaitConcurrency;
				PRODUCT_NAME = "$(TARGET_NAME)";
				SDKROOT = auto;
				SUPPORTED_PLATFORMS = "iphoneos iphonesimulator macosx";
				SWIFT_EMIT_LOC_STRINGS = YES;
				SWIFT_VERSION = 5.0;
				TARGETED_DEVICE_FAMILY = "1,2";
			};
			name = Release;
		};
/* End XCBuildConfiguration section */

/* Begin XCConfigurationList section */
		A09DCDB529BFCC7300050626 /* Build configuration list for PBXProject "AsyncAwaitConcurrency" */ = {
			isa = XCConfigurationList;
			buildConfigurations = (
				A09DCDC729BFCC7400050626 /* Debug */,
				A09DCDC829BFCC7400050626 /* Release */,
			);
			defaultConfigurationIsVisible = 0;
			defaultConfigurationName = Release;
		};
		A09DCDC929BFCC7400050626 /* Build configuration list for PBXNativeTarget "AsyncAwaitConcurrency" */ = {
			isa = XCConfigurationList;
			buildConfigurations = (
				A09DCDCA29BFCC7400050626 /* Debug */,
				A09DCDCB29BFCC7400050626 /* Release */,
			);
			defaultConfigurationIsVisible = 0;
			defaultConfigurationName = Release;
		};
/* End XCConfigurationList section */
	};
	rootObject = A09DCDB229BFCC7300050626 /* Project object */;
}
